Microsoft Visual Studio Solution File, Format Version 12.00
# Visual Studio Version 17
VisualStudioVersion = 17.5.2.0
MinimumVisualStudioVersion = 10.0.40219.1
Project("{FAE04EC0-301F-11D3-BF4B-00C04F79EFBC}") = "AdventureApp", "AdventureApp.csproj", "{5ED625C7-E7C9-3D46-E141-7699EFB9973F}"
EndProject
Global
	GlobalSection(SolutionConfigurationPlatforms) = preSolution
		Debug|Any CPU = Debug|Any CPU
		Release|Any CPU = Release|Any CPU
	EndGlobalSection
	GlobalSection(ProjectConfigurationPlatforms) = postSolution
		{5ED625C7-E7C9-3D46-E141-7699EFB9973F}.Debug|Any CPU.ActiveCfg = Debug|Any CPU
		{5ED625C7-E7C9-3D46-E141-7699EFB9973F}.Debug|Any CPU.Build.0 = Debug|Any CPU
		{5ED625C7-E7C9-3D46-E141-7699EFB9973F}.Release|Any CPU.ActiveCfg = Release|Any CPU
		{5ED625C7-E7C9-3D46-E141-7699EFB9973F}.Release|Any CPU.Build.0 = Release|Any CPU
	EndGlobalSection
	GlobalSection(SolutionProperties) = preSolution
		HideSolutionNode = FALSE
	EndGlobalSection
	GlobalSection(ExtensibilityGlobals) = postSolution
		SolutionGuid = {EC628996-7723-4D5A-9226-BE41CF71E4C3}
	EndGlobalSection
EndGlobal
